
Microsoft Visual Studio Solution File, Format Version 12.00
# Visual Studio 15
VisualStudioVersion = 15.0.27703.2026
MinimumVisualStudioVersion = 10.0.40219.1
Project("{888888A0-9F3D-457C-B088-3A5042F75D52}") = "BasicProject", "BasicProject\BasicProject.pyproj", "{15FC219D-3119-4AD3-9699-C614190BB61D}"
EndProject
Global
	GlobalSection(SolutionConfigurationPlatforms) = preSolution
		Debug|Any CPU = Debug|Any CPU
		Release|Any CPU = Release|Any CPU
	EndGlobalSection
	GlobalSection(ProjectConfigurationPlatforms) = postSolution
		{15FC219D-3119-4AD3-9699-C614190BB61D}.Debug|Any CPU.ActiveCfg = Debug|Any CPU
		{15FC219D-3119-4AD3-9699-C614190BB61D}.Debug|Any CPU.Build.0 = Debug|Any CPU
		{15FC219D-3119-4AD3-9699-C614190BB61D}.Release|Any CPU.ActiveCfg = Release|Any CPU
		{15FC219D-3119-4AD3-9699-C614190BB61D}.Release|Any CPU.Build.0 = Release|Any CPU
	EndGlobalSection
	GlobalSection(SolutionProperties) = preSolution
		HideSolutionNode = FALSE
	EndGlobalSection
	GlobalSection(ExtensibilityGlobals) = postSolution
		SolutionGuid = {E6130625-6621-4ABB-BA5B-0A7B2DF9BE8A}
	EndGlobalSection
EndGlobal
