
Microsoft Visual Studio Solution File, Format Version 12.00
# Visual Studio 15
VisualStudioVersion = 15.0.27703.2026
MinimumVisualStudioVersion = 10.0.40219.1
Project("{888888A0-9F3D-457C-B088-3A5042F75D52}") = "LearnFlask", "LearnFlask\LearnFlask.pyproj", "{5571F775-44D5-47F2-8B01-B98CA8F816C8}"
EndProject
Global
	GlobalSection(SolutionConfigurationPlatforms) = preSolution
		Debug|Any CPU = Debug|Any CPU
		Release|Any CPU = Release|Any CPU
	EndGlobalSection
	GlobalSection(ProjectConfigurationPlatforms) = postSolution
		{5571F775-44D5-47F2-8B01-B98CA8F816C8}.Debug|Any CPU.ActiveCfg = Debug|Any CPU
		{5571F775-44D5-47F2-8B01-B98CA8F816C8}.Debug|Any CPU.Build.0 = Debug|Any CPU
		{5571F775-44D5-47F2-8B01-B98CA8F816C8}.Release|Any CPU.ActiveCfg = Release|Any CPU
		{5571F775-44D5-47F2-8B01-B98CA8F816C8}.Release|Any CPU.Build.0 = Release|Any CPU
	EndGlobalSection
	GlobalSection(SolutionProperties) = preSolution
		HideSolutionNode = FALSE
	EndGlobalSection
	GlobalSection(ExtensibilityGlobals) = postSolution
		SolutionGuid = {E6130625-6621-4ABB-BA5B-0A7B2DF9BE8A}
	EndGlobalSection
EndGlobal
